<?xml version="1.0" encoding="utf-8"?>
<Project ToolsVersion="4.0" xmlns="http://schemas.microsoft.com/developer/msbuild/2003">
  <ItemGroup>
    <Filter Include="Source Files">
      <UniqueIdentifier>{4FC737F1-C7A5-4376-A066-2A32D752A2FF}</UniqueIdentifier>
      <Extensions>cpp;c;cc;cxx;def;odl;idl;hpj;bat;asm;asmx</Extensions>
    </Filter>
    <Filter Include="Header Files">
      <UniqueIdentifier>{93995380-89BD-4b04-88EB-625FBE52EBFB}</UniqueIdentifier>
      <Extensions>h;hpp;hxx;hm;inl;inc;xsd</Extensions>
    </Filter>
    <Filter Include="Resource Files">
      <UniqueIdentifier>{67DA6AB6-F800-4c08-8B7A-83BB121AAD01}</UniqueIdentifier>
      <Extensions>rc;ico;cur;bmp;dlg;rc2;rct;bin;rgs;gif;jpg;jpeg;jpe;resx;tiff;tif;png;wav;mfcribbon-ms</Extensions>
    </Filter>
    <Filter Include="Resource Files\Shaders">
      <UniqueIdentifier>{5af29d3a-44ce-433b-b7af-a78f9fee3718}</UniqueIdentifier>
    </Filter>
    <Filter Include="Header Files\Core">
      <UniqueIdentifier>{ab3d2714-7ce1-4890-9c1c-b8c45964877b}</UniqueIdentifier>
    </Filter>
    <Filter Include="Source Files\Core">
      <UniqueIdentifier>{87db47b9-f400-4787-be23-c2fe4f6ec49c}</UniqueIdentifier>
    </Filter>
    <Filter Include="Header Files\Globals">
      <UniqueIdentifier>{e9eaec8e-90bd-49f4-b5ff-370c8eb0286c}</UniqueIdentifier>
    </Filter>
    <Filter Include="Source Files\Globals">
      <UniqueIdentifier>{1c70a06b-9c03-4537-8464-46b3ae14e6d7}</UniqueIdentifier>
    </Filter>
    <Filter Include="Source Files\Core\Graphics">
      <UniqueIdentifier>{6ca4dc23-4f3c-4307-a8e6-dae5200bb3dd}</UniqueIdentifier>
    </Filter>
    <Filter Include="Source Files\Core\Managers">
      <UniqueIdentifier>{0429dc49-218b-4502-bfca-7c8e53565e65}</UniqueIdentifier>
    </Filter>
    <Filter Include="Source Files\Core\General Classes">
      <UniqueIdentifier>{c8740328-9e2a-4e5f-9e64-2fb3361691dc}</UniqueIdentifier>
    </Filter>
    <Filter Include="Header Files\Core\Graphics">
      <UniqueIdentifier>{b13778a3-6cf2-40bf-8a14-9dad9d7fd187}</UniqueIdentifier>
    </Filter>
    <Filter Include="Header Files\Core\Managers">
      <UniqueIdentifier>{fa5a7a0a-731c-4cd1-ada8-cac2d738c5c8}</UniqueIdentifier>
    </Filter>
    <Filter Include="Header Files\Core\General Classes">
      <UniqueIdentifier>{208c8cb5-0f86-41cc-bcfa-d223236ff1b3}</UniqueIdentifier>
    </Filter>
    <Filter Include="Header Files\Scripts">
      <UniqueIdentifier>{69cb6177-d27d-4394-8155-8ac894ed102c}</UniqueIdentifier>
    </Filter>
    <Filter Include="Header Files\XmlParser">
      <UniqueIdentifier>{cfdd13d1-c949-473c-8f2b-bf2f317d3c61}</UniqueIdentifier>
    </Filter>
    <Filter Include="Source Files\XmlParser">
      <UniqueIdentifier>{422804a5-1200-40d8-a7c9-08600c34d06e}</UniqueIdentifier>
    </Filter>
    <Filter Include="Header Files\jsoncons">
      <UniqueIdentifier>{4fa5ef94-38c6-4ee9-ac41-f488bdfa99dd}</UniqueIdentifier>
    </Filter>
    <Filter Include="Header Files\JsonInterface">
      <UniqueIdentifier>{307e6887-d11e-437d-8ed9-959bd067e10f}</UniqueIdentifier>
    </Filter>
    <Filter Include="Source Files\JsonInterface">
      <UniqueIdentifier>{3cff41d0-a254-4b1b-830b-66ce70a323b5}</UniqueIdentifier>
    </Filter>
    <Filter Include="Source Files\Core\Components">
      <UniqueIdentifier>{97e6c416-e6e4-4a6d-b513-8626c203f43a}</UniqueIdentifier>
    </Filter>
    <Filter Include="Header Files\Core\Components">
      <UniqueIdentifier>{6d61907c-0c92-452f-b5d5-794a09a5aa09}</UniqueIdentifier>
    </Filter>
  </ItemGroup>
  <ItemGroup>
    <ClInclude Include="Resource.h">
      <Filter>Header Files\Core\Graphics</Filter>
    </ClInclude>
    <ClInclude Include="ShaderManager.h">
      <Filter>Header Files\Core\Graphics</Filter>
    </ClInclude>
    <ClInclude Include="Shader.h">
      <Filter>Header Files\Core\Graphics</Filter>
    </ClInclude>
    <ClInclude Include="global.h">
      <Filter>Header Files\Globals</Filter>
    </ClInclude>
    <ClInclude Include="GameObject.h">
      <Filter>Header Files\Core\General Classes</Filter>
    </ClInclude>
    <ClInclude Include="Object.h">
      <Filter>Header Files\Core\General Classes</Filter>
    </ClInclude>
    <ClInclude Include="GameObjectManager.h">
      <Filter>Header Files\Core\Managers</Filter>
    </ClInclude>
    <ClInclude Include="CHRTimer.h">
      <Filter>Header Files\Globals</Filter>
    </ClInclude>
    <ClInclude Include="Scene.h">
      <Filter>Header Files\Core\Managers</Filter>
    </ClInclude>
    <ClInclude Include="Input.h">
      <Filter>Header Files\Core\Managers</Filter>
    </ClInclude>
    <ClInclude Include="ObjectFactory.h">
      <Filter>Header Files\Core\Managers</Filter>
    </ClInclude>
    <ClInclude Include="SharedInfo.h">
      <Filter>Header Files\Core\General Classes</Filter>
    </ClInclude>
    <ClInclude Include="XmlParser\xmlParser.h">
      <Filter>Header Files\XmlParser</Filter>
    </ClInclude>
    <ClInclude Include="jsoncons\error_handler.hpp">
      <Filter>Header Files\jsoncons</Filter>
    </ClInclude>
    <ClInclude Include="jsoncons\json.hpp">
      <Filter>Header Files\jsoncons</Filter>
    </ClInclude>
    <ClInclude Include="jsoncons\json_char_traits.hpp">
      <Filter>Header Files\jsoncons</Filter>
    </ClInclude>
    <ClInclude Include="jsoncons\json_deserializer.hpp">
      <Filter>Header Files\jsoncons</Filter>
    </ClInclude>
    <ClInclude Include="jsoncons\json_exception.hpp">
      <Filter>Header Files\jsoncons</Filter>
    </ClInclude>
    <ClInclude Include="jsoncons\json_filter.hpp">
      <Filter>Header Files\jsoncons</Filter>
    </ClInclude>
    <ClInclude Include="jsoncons\json_input_handler.hpp">
      <Filter>Header Files\jsoncons</Filter>
    </ClInclude>
    <ClInclude Include="jsoncons\json_output_handler.hpp">
      <Filter>Header Files\jsoncons</Filter>
    </ClInclude>
    <ClInclude Include="jsoncons\json_reader.hpp">
      <Filter>Header Files\jsoncons</Filter>
    </ClInclude>
    <ClInclude Include="jsoncons\json_serializer.hpp">
      <Filter>Header Files\jsoncons</Filter>
    </ClInclude>
    <ClInclude Include="jsoncons\json_structures.hpp">
      <Filter>Header Files\jsoncons</Filter>
    </ClInclude>
    <ClInclude Include="jsoncons\json1.hpp">
      <Filter>Header Files\jsoncons</Filter>
    </ClInclude>
    <ClInclude Include="jsoncons\json2.hpp">
      <Filter>Header Files\jsoncons</Filter>
    </ClInclude>
    <ClInclude Include="jsoncons\jsoncons_config.hpp">
      <Filter>Header Files\jsoncons</Filter>
    </ClInclude>
    <ClInclude Include="jsoncons\output_format.hpp">
      <Filter>Header Files\jsoncons</Filter>
    </ClInclude>
    <ClInclude Include="JsonInterface.h">
      <Filter>Header Files\JsonInterface</Filter>
    </ClInclude>
    <ClInclude Include="Console.h">
      <Filter>Header Files</Filter>
    </ClInclude>
    <ClInclude Include="ScriptsManager.h">
      <Filter>Header Files\Core\Managers</Filter>
    </ClInclude>
    <ClInclude Include="PrefabManager.h">
      <Filter>Header Files\Core\Managers</Filter>
    </ClInclude>
    <ClInclude Include="Scripts\CameraScript.h">
      <Filter>Header Files\Scripts</Filter>
    </ClInclude>
    <ClInclude Include="Scripts\PlayerScripts.h">
      <Filter>Header Files\Scripts</Filter>
    </ClInclude>
    <ClInclude Include="Scripts\SimulationScript.h">
      <Filter>Header Files\Scripts</Filter>
    </ClInclude>
    <ClInclude Include="Scripts\BunnyScript.h">
      <Filter>Header Files\Scripts</Filter>
    </ClInclude>
    <ClInclude Include="Camera.h">
      <Filter>Header Files\Core\Components</Filter>
    </ClInclude>
    <ClInclude Include="Renderer.h">
      <Filter>Header Files\Core\Components</Filter>
    </ClInclude>
    <ClInclude Include="Light.h">
      <Filter>Header Files\Core\Components</Filter>
    </ClInclude>
    <ClInclude Include="Rigidbody.h">
      <Filter>Header Files\Core\Components</Filter>
    </ClInclude>
    <ClInclude Include="WorldCell.h">
      <Filter>Header Files\Core\General Classes</Filter>
    </ClInclude>
    <ClInclude Include="RenderToTexture.h">
      <Filter>Header Files\Core\Graphics</Filter>
    </ClInclude>
  </ItemGroup>
  <ItemGroup>
    <ClCompile Include="Shader.cpp">
      <Filter>Source Files\Core\Graphics</Filter>
    </ClCompile>
    <ClCompile Include="ShaderManager.cpp">
      <Filter>Source Files\Core\Graphics</Filter>
    </ClCompile>
    <ClCompile Include="global.cpp">
      <Filter>Source Files\Globals</Filter>
    </ClCompile>
    <ClCompile Include="CHRTimer.cpp">
      <Filter>Source Files\Globals</Filter>
    </ClCompile>
    <ClCompile Include="GameLoopManager.cpp">
      <Filter>Source Files\Core\Managers</Filter>
    </ClCompile>
    <ClCompile Include="GameObjectManager.cpp">
      <Filter>Source Files\Core\Managers</Filter>
    </ClCompile>
    <ClCompile Include="GameObject.cpp">
      <Filter>Source Files\Core\General Classes</Filter>
    </ClCompile>
    <ClCompile Include="Object.cpp">
      <Filter>Source Files\Core\General Classes</Filter>
    </ClCompile>
    <ClCompile Include="Scene.cpp">
      <Filter>Source Files\Core\Managers</Filter>
    </ClCompile>
    <ClCompile Include="Input.cpp">
      <Filter>Source Files\Core\Managers</Filter>
    </ClCompile>
    <ClCompile Include="ObjectFactory.cpp">
      <Filter>Source Files\Core\Managers</Filter>
    </ClCompile>
    <ClCompile Include="PrefabManager.cpp">
      <Filter>Source Files\Core\Managers</Filter>
    </ClCompile>
    <ClCompile Include="XmlParser\xmlParser.cpp">
      <Filter>Source Files\XmlParser</Filter>
    </ClCompile>
    <ClCompile Include="JsonInterface.cpp">
      <Filter>Source Files\JsonInterface</Filter>
    </ClCompile>
    <ClCompile Include="Console.cpp">
      <Filter>Source Files</Filter>
    </ClCompile>
    <ClCompile Include="Renderer.cpp">
      <Filter>Source Files\Core\Components</Filter>
    </ClCompile>
    <ClCompile Include="Camera.cpp">
      <Filter>Source Files\Core\Components</Filter>
    </ClCompile>
    <ClCompile Include="Rigidbody.cpp">
      <Filter>Source Files\Core\Components</Filter>
    </ClCompile>
    <ClCompile Include="Light.cpp">
      <Filter>Source Files\Core\Components</Filter>
    </ClCompile>
    <ClCompile Include="WorldCell.cpp">
      <Filter>Source Files\Core\General Classes</Filter>
    </ClCompile>
    <ClCompile Include="RenderToTexture.cpp">
      <Filter>Source Files\Core\Graphics</Filter>
    </ClCompile>
  </ItemGroup>
  <ItemGroup>
    <None Include="Shaders\LightingAndTexturingShader.hlsl">
      <Filter>Resource Files\Shaders</Filter>
    </None>
    <None Include="Shaders\ShaderStructure.hlsl">
      <Filter>Resource Files\Shaders</Filter>
    </None>
    <None Include="Shaders\Texture.hlsl">
      <Filter>Resource Files\Shaders</Filter>
    </None>
    <None Include="Shaders\ShaderSource.dat">
      <Filter>Resource Files\Shaders</Filter>
    </None>
    <None Include="Shaders\Skybox.hlsl">
      <Filter>Resource Files\Shaders</Filter>
    </None>
    <None Include="Shaders\SingleTextureOnly.hlsl">
      <Filter>Resource Files\Shaders</Filter>
    </None>
    <None Include="Shaders\TwoTexturesOnly.hlsl">
      <Filter>Resource Files\Shaders</Filter>
    </None>
    <None Include="Shaders\SingleTexturePlusLightingOnly.hlsl">
      <Filter>Resource Files\Shaders</Filter>
    </None>
    <None Include="Shaders\TwoTexturesPlusLightingOnly.hlsl">
      <Filter>Resource Files\Shaders</Filter>
    </None>
    <None Include="Shaders\TwoTexturesNormalMapOnly.hlsl">
      <Filter>Resource Files\Shaders</Filter>
    </None>
    <None Include="Shaders\BasicShader.hlsl">
      <Filter>Resource Files\Shaders</Filter>
    </None>
    <None Include="Resources\LibraryFileNames.txt">
      <Filter>Resource Files</Filter>
    </None>
    <None Include="Shaders\BasicShaderSkinning.hlsl">
      <Filter>Resource Files\Shaders</Filter>
    </None>
    <None Include="Shaders\DiscardTransperancy.hlsl">
      <Filter>Resource Files\Shaders</Filter>
    </None>
    <None Include="Shaders\DiscardTransperancyReverse.hlsl">
      <Filter>Resource Files\Shaders</Filter>
    </None>
    <None Include="Shaders\BillboardShader.hlsl">
      <Filter>Resource Files\Shaders</Filter>
    </None>
    <None Include="Shaders\SkinningShaderWithLighting.hlsl">
      <Filter>Resource Files\Shaders</Filter>
    </None>
    <None Include="Shaders\TwoTexturesOnlyWithComputeShader.hlsl">
      <Filter>Resource Files\Shaders</Filter>
    </None>
    <None Include="packages.config" />
  </ItemGroup>
  <ItemGroup>
    <Text Include="Resources\ModelsConfig.txt">
      <Filter>Resource Files</Filter>
    </Text>
  </ItemGroup>
</Project>